
Microsoft Visual Studio Solution File, Format Version 12.00
# Visual Studio Version 16
VisualStudioVersion = 16.0.30517.126
MinimumVisualStudioVersion = 10.0.40219.1
Project("{9A19103F-16F7-4668-BE54-9A1E7A4F7556}") = "OOPPet", "OOPPet\OOPPet.csproj", "{0BC22A4E-7A3B-4F47-9B35-EB609CA06A05}"
EndProject
Project("{9A19103F-16F7-4668-BE54-9A1E7A4F7556}") = "OOPCar", "OOPcar\OOPCar.csproj", "{853B973B-67E3-4927-90D6-657E073E31A2}"
EndProject
Project("{FAE04EC0-301F-11D3-BF4B-00C04F79EFBC}") = "MoviesFromFile", "MoviesFromFile\MoviesFromFile.csproj", "{96E96814-5877-4EE6-BEA0-EC392DE739D5}"
EndProject
Project("{FAE04EC0-301F-11D3-BF4B-00C04F79EFBC}") = "FrozenFile", "FrozenFile\FrozenFile.csproj", "{A389EF0F-2B37-4885-BFAC-2C89EE58E75A}"
EndProject
Global
	GlobalSection(SolutionConfigurationPlatforms) = preSolution
		Debug|Any CPU = Debug|Any CPU
		Release|Any CPU = Release|Any CPU
	EndGlobalSection
	GlobalSection(ProjectConfigurationPlatforms) = postSolution
		{0BC22A4E-7A3B-4F47-9B35-EB609CA06A05}.Debug|Any CPU.ActiveCfg = Debug|Any CPU
		{0BC22A4E-7A3B-4F47-9B35-EB609CA06A05}.Debug|Any CPU.Build.0 = Debug|Any CPU
		{0BC22A4E-7A3B-4F47-9B35-EB609CA06A05}.Release|Any CPU.ActiveCfg = Release|Any CPU
		{0BC22A4E-7A3B-4F47-9B35-EB609CA06A05}.Release|Any CPU.Build.0 = Release|Any CPU
		{853B973B-67E3-4927-90D6-657E073E31A2}.Debug|Any CPU.ActiveCfg = Debug|Any CPU
		{853B973B-67E3-4927-90D6-657E073E31A2}.Debug|Any CPU.Build.0 = Debug|Any CPU
		{853B973B-67E3-4927-90D6-657E073E31A2}.Release|Any CPU.ActiveCfg = Release|Any CPU
		{853B973B-67E3-4927-90D6-657E073E31A2}.Release|Any CPU.Build.0 = Release|Any CPU
		{96E96814-5877-4EE6-BEA0-EC392DE739D5}.Debug|Any CPU.ActiveCfg = Debug|Any CPU
		{96E96814-5877-4EE6-BEA0-EC392DE739D5}.Debug|Any CPU.Build.0 = Debug|Any CPU
		{96E96814-5877-4EE6-BEA0-EC392DE739D5}.Release|Any CPU.ActiveCfg = Release|Any CPU
		{96E96814-5877-4EE6-BEA0-EC392DE739D5}.Release|Any CPU.Build.0 = Release|Any CPU
		{A389EF0F-2B37-4885-BFAC-2C89EE58E75A}.Debug|Any CPU.ActiveCfg = Debug|Any CPU
		{A389EF0F-2B37-4885-BFAC-2C89EE58E75A}.Debug|Any CPU.Build.0 = Debug|Any CPU
		{A389EF0F-2B37-4885-BFAC-2C89EE58E75A}.Release|Any CPU.ActiveCfg = Release|Any CPU
		{A389EF0F-2B37-4885-BFAC-2C89EE58E75A}.Release|Any CPU.Build.0 = Release|Any CPU
	EndGlobalSection
	GlobalSection(SolutionProperties) = preSolution
		HideSolutionNode = FALSE
	EndGlobalSection
	GlobalSection(ExtensibilityGlobals) = postSolution
		SolutionGuid = {487CC503-F242-48C8-9ACA-F32F26D405F0}
	EndGlobalSection
EndGlobal
